// !$*UTF8*$!
{
	archiveVersion = 1;
	classes = {
	};
	objectVersion = 45;
	objects = {

/* Begin PBXBuildFile section */
		8C27FDE2104A14BF00A96844 /* Cocoa.framework in Frameworks */ = {isa = PBXBuildFile; fileRef = 8C27FDE1104A14BF00A96844 /* Cocoa.framework */; };
		8C27FDE7104A14D200A96844 /* Cocoa.framework in Frameworks */ = {isa = PBXBuildFile; fileRef = 8C27FDE1104A14BF00A96844 /* Cocoa.framework */; };
		8C2ABEB71112CCEF00EF077B /* Sparkle.framework in Copy Frameworks */ = {isa = PBXBuildFile; fileRef = 8C2ABE321112BF6300EF077B /* Sparkle.framework */; };
		8C3A30920F7EA8BB00C37703 /* FakeCompletionItem.m in Sources */ = {isa = PBXBuildFile; fileRef = 8C3A30910F7EA8BB00C37703 /* FakeCompletionItem.m */; };
		8C3A30A00F7EABE500C37703 /* QueryCompletionItem.m in Sources */ = {isa = PBXBuildFile; fileRef = 8C3A309F0F7EABE500C37703 /* QueryCompletionItem.m */; };
		8C3A31410F7EB20E00C37703 /* KeystoneController.m in Sources */ = {isa = PBXBuildFile; fileRef = 8C3A31400F7EB20E00C37703 /* KeystoneController.m */; };
		8C3A320D0F7EC33500C37703 /* SortedArray.m in Sources */ = {isa = PBXBuildFile; fileRef = 8C3A320C0F7EC33500C37703 /* SortedArray.m */; };
		8C3A33BA0F7EE24F00C37703 /* SortedArray.m in Sources */ = {isa = PBXBuildFile; fileRef = 8C3A320C0F7EC33500C37703 /* SortedArray.m */; };
		8C3A33BE0F7EE26C00C37703 /* SortedArrayTests.m in Sources */ = {isa = PBXBuildFile; fileRef = 8C3A33BD0F7EE26C00C37703 /* SortedArrayTests.m */; };
		8C583D62156AA3F400966F97 /* ActionView.m in Sources */ = {isa = PBXBuildFile; fileRef = 8C583D61156AA3F400966F97 /* ActionView.m */; };
		8C6C8BBB10E0C8260058B36E /* SheetRequest.m in Sources */ = {isa = PBXBuildFile; fileRef = 8C6C8BBA10E0C8260058B36E /* SheetRequest.m */; };
		8C71A4180F7E018400E3CC05 /* CompletionControllerAdditions.m in Sources */ = {isa = PBXBuildFile; fileRef = 8C71A4170F7E018400E3CC05 /* CompletionControllerAdditions.m */; };
		8C74C92611A20CA70062AD6E /* DefaultsDomain.m in Sources */ = {isa = PBXBuildFile; fileRef = 8C74C92511A20CA70062AD6E /* DefaultsDomain.m */; };
		8C75EA631569AD0A00D68373 /* DBBackgroundView.framework in Frameworks */ = {isa = PBXBuildFile; fileRef = 8C75EA621569AD0A00D68373 /* DBBackgroundView.framework */; };
		8C75EA711569AD4100D68373 /* DBBackgroundView.framework in Copy Frameworks */ = {isa = PBXBuildFile; fileRef = 8C75EA621569AD0A00D68373 /* DBBackgroundView.framework */; };
		8C75EA931569E0A500D68373 /* drop.pdf in Resources */ = {isa = PBXBuildFile; fileRef = 8C75EA921569E0A500D68373 /* drop.pdf */; };
		8C75EAC61569ED3000D68373 /* DropOverlayView.m in Sources */ = {isa = PBXBuildFile; fileRef = 8C75EAC51569ED3000D68373 /* DropOverlayView.m */; };
		8C8A922410FE7FFA00DC0D4C /* BookmarksControllerAdditions.m in Sources */ = {isa = PBXBuildFile; fileRef = 8C8A922310FE7FFA00DC0D4C /* BookmarksControllerAdditions.m */; };
		8C8DB28C1215ECF0008D41B8 /* AdditionalCompletionTableDataSource.m in Sources */ = {isa = PBXBuildFile; fileRef = 8C8DB28B1215ECF0008D41B8 /* AdditionalCompletionTableDataSource.m */; };
		8C8DB2E21215F402008D41B8 /* CompletionTable.xib in Resources */ = {isa = PBXBuildFile; fileRef = 8C8DB2E01215F402008D41B8 /* CompletionTable.xib */; };
		8C9239F91113AD17001A38BE /* dsa_pub.pem in Resources */ = {isa = PBXBuildFile; fileRef = 8C9239F81113AD17001A38BE /* dsa_pub.pem */; };
		8C986F530F80526400383384 /* keystone.icns in Resources */ = {isa = PBXBuildFile; fileRef = 8C986F520F80526400383384 /* keystone.icns */; };
		8C9E9CD6110C036E00BD7153 /* NSWindow+EndEditingGracefully.m in Sources */ = {isa = PBXBuildFile; fileRef = 8C9E9CD5110C036E00BD7153 /* NSWindow+EndEditingGracefully.m */; };
		8CAED69213BD638C000275D7 /* JRSwizzle.m in Sources */ = {isa = PBXBuildFile; fileRef = 8CAED65C13BD638C000275D7 /* JRSwizzle.m */; };
		8CB614420F8046BC00A84155 /* Localizable.strings in Resources */ = {isa = PBXBuildFile; fileRef = 8CB614410F8046BC00A84155 /* Localizable.strings */; };
		8CBE2D4C13BC460800C493E6 /* BrowserWindowController+JavaScript.m in Sources */ = {isa = PBXBuildFile; fileRef = 8CBE2D4B13BC460800C493E6 /* BrowserWindowController+JavaScript.m */; };
		8CC1FE39120493260022CA05 /* BrowserWindowControllerAdditions.m in Sources */ = {isa = PBXBuildFile; fileRef = 8CC1FE38120493260022CA05 /* BrowserWindowControllerAdditions.m */; };
		8CC3380E1235C0480053E52F /* CompletionServer.m in Sources */ = {isa = PBXBuildFile; fileRef = 8CC3380D1235C0480053E52F /* CompletionServer.m */; };
		8CD29B480F7EF1C400D146C3 /* defaults.plist in Resources */ = {isa = PBXBuildFile; fileRef = 8CD29B470F7EF1C400D146C3 /* defaults.plist */; };
		8CD29DF00F7F28A000D146C3 /* KeystonePreferences.xib in Resources */ = {isa = PBXBuildFile; fileRef = 8CD29DEF0F7F28A000D146C3 /* KeystonePreferences.xib */; };
		8CF220A810E01338009074CD /* AddCompletion.xib in Resources */ = {isa = PBXBuildFile; fileRef = 8CF220A610E01338009074CD /* AddCompletion.xib */; };
		8CF220C210E02A97009074CD /* AddCompletionController.m in Sources */ = {isa = PBXBuildFile; fileRef = 8CF220C110E02A97009074CD /* AddCompletionController.m */; };
		8CFF7FB311140B0F003B5DB5 /* UpdateController.m in Sources */ = {isa = PBXBuildFile; fileRef = 8CFF7F9D111407B1003B5DB5 /* UpdateController.m */; };
		8D5B49B0048680CD000E48DA /* InfoPlist.strings in Resources */ = {isa = PBXBuildFile; fileRef = 089C167DFE841241C02AAC07 /* InfoPlist.strings */; };
/* End PBXBuildFile section */

/* Begin PBXCopyFilesBuildPhase section */
		8C2ABE8D1112BFAF00EF077B /* Copy Frameworks */ = {
			isa = PBXCopyFilesBuildPhase;
			buildActionMask = 2147483647;
			dstPath = "";
			dstSubfolderSpec = 10;
			files = (
				8C75EA711569AD4100D68373 /* DBBackgroundView.framework in Copy Frameworks */,
				8C2ABEB71112CCEF00EF077B /* Sparkle.framework in Copy Frameworks */,
			);
			name = "Copy Frameworks";
			runOnlyForDeploymentPostprocessing = 0;
		};
/* End PBXCopyFilesBuildPhase section */

/* Begin PBXFileReference section */
		089C1672FE841209C02AAC07 /* Foundation.framework */ = {isa = PBXFileReference; lastKnownFileType = wrapper.framework; name = Foundation.framework; path = /System/Library/Frameworks/Foundation.framework; sourceTree = "<absolute>"; };
		089C167EFE841241C02AAC07 /* English */ = {isa = PBXFileReference; fileEncoding = 10; lastKnownFileType = text.plist.strings; name = English; path = English.lproj/InfoPlist.strings; sourceTree = "<group>"; };
		089C167FFE841241C02AAC07 /* AppKit.framework */ = {isa = PBXFileReference; lastKnownFileType = wrapper.framework; name = AppKit.framework; path = /System/Library/Frameworks/AppKit.framework; sourceTree = "<absolute>"; };
		32DBCF630370AF2F00C91783 /* Keystone_Prefix.pch */ = {isa = PBXFileReference; fileEncoding = 4; lastKnownFileType = sourcecode.c.h; path = Keystone_Prefix.pch; sourceTree = "<group>"; };
		8C0D06911235FB0B001BB0E7 /* README.md */ = {isa = PBXFileReference; fileEncoding = 4; lastKnownFileType = text; path = README.md; sourceTree = "<group>"; };
		8C27FDE1104A14BF00A96844 /* Cocoa.framework */ = {isa = PBXFileReference; lastKnownFileType = wrapper.framework; name = Cocoa.framework; path = /System/Library/Frameworks/Cocoa.framework; sourceTree = "<absolute>"; };
		8C2ABE321112BF6300EF077B /* Sparkle.framework */ = {isa = PBXFileReference; lastKnownFileType = wrapper.framework; name = Sparkle.framework; path = "../Sparkle 1/With Garbage Collection/Sparkle.framework"; sourceTree = SOURCE_ROOT; };
		8C32884010E0930300C2D25C /* SheetRequest.h */ = {isa = PBXFileReference; fileEncoding = 4; lastKnownFileType = sourcecode.c.h; path = SheetRequest.h; sourceTree = "<group>"; };
		8C3A30900F7EA8BB00C37703 /* FakeCompletionItem.h */ = {isa = PBXFileReference; fileEncoding = 4; lastKnownFileType = sourcecode.c.h; path = FakeCompletionItem.h; sourceTree = "<group>"; };
		8C3A30910F7EA8BB00C37703 /* FakeCompletionItem.m */ = {isa = PBXFileReference; fileEncoding = 4; lastKnownFileType = sourcecode.c.objc; path = FakeCompletionItem.m; sourceTree = "<group>"; };
		8C3A309E0F7EABE500C37703 /* QueryCompletionItem.h */ = {isa = PBXFileReference; fileEncoding = 4; lastKnownFileType = sourcecode.c.h; path = QueryCompletionItem.h; sourceTree = "<group>"; };
		8C3A309F0F7EABE500C37703 /* QueryCompletionItem.m */ = {isa = PBXFileReference; fileEncoding = 4; lastKnownFileType = sourcecode.c.objc; path = QueryCompletionItem.m; sourceTree = "<group>"; };
		8C3A313F0F7EB20E00C37703 /* KeystoneController.h */ = {isa = PBXFileReference; fileEncoding = 4; lastKnownFileType = sourcecode.c.h; path = KeystoneController.h; sourceTree = "<group>"; };
		8C3A31400F7EB20E00C37703 /* KeystoneController.m */ = {isa = PBXFileReference; fileEncoding = 4; lastKnownFileType = sourcecode.c.objc; path = KeystoneController.m; sourceTree = "<group>"; };
		8C3A320B0F7EC33500C37703 /* SortedArray.h */ = {isa = PBXFileReference; fileEncoding = 4; lastKnownFileType = sourcecode.c.h; path = SortedArray.h; sourceTree = "<group>"; };
		8C3A320C0F7EC33500C37703 /* SortedArray.m */ = {isa = PBXFileReference; fileEncoding = 4; lastKnownFileType = sourcecode.c.objc; path = SortedArray.m; sourceTree = "<group>"; };
		8C3A33AA0F7EE21900C37703 /* KeystoneTests.octest */ = {isa = PBXFileReference; explicitFileType = wrapper.cfbundle; includeInIndex = 0; path = KeystoneTests.octest; sourceTree = BUILT_PRODUCTS_DIR; };
		8C3A33AB0F7EE21900C37703 /* KeystoneTests-Info.plist */ = {isa = PBXFileReference; lastKnownFileType = text.plist.xml; path = "KeystoneTests-Info.plist"; sourceTree = "<group>"; };
		8C3A33BD0F7EE26C00C37703 /* SortedArrayTests.m */ = {isa = PBXFileReference; fileEncoding = 4; lastKnownFileType = sourcecode.c.objc; path = SortedArrayTests.m; sourceTree = "<group>"; };
		8C583D60156AA3F400966F97 /* ActionView.h */ = {isa = PBXFileReference; fileEncoding = 4; lastKnownFileType = sourcecode.c.h; path = ActionView.h; sourceTree = "<group>"; };
		8C583D61156AA3F400966F97 /* ActionView.m */ = {isa = PBXFileReference; fileEncoding = 4; lastKnownFileType = sourcecode.c.objc; path = ActionView.m; sourceTree = "<group>"; };
		8C6C8B4310E0B82E0058B36E /* BookmarkSources.h */ = {isa = PBXFileReference; fileEncoding = 4; lastKnownFileType = sourcecode.c.h; path = BookmarkSources.h; sourceTree = "<group>"; };
		8C6C8BBA10E0C8260058B36E /* SheetRequest.m */ = {isa = PBXFileReference; fileEncoding = 4; lastKnownFileType = sourcecode.c.objc; path = SheetRequest.m; sourceTree = "<group>"; };
		8C71A4160F7E018400E3CC05 /* CompletionControllerAdditions.h */ = {isa = PBXFileReference; fileEncoding = 4; lastKnownFileType = sourcecode.c.h; path = CompletionControllerAdditions.h; sourceTree = "<group>"; };
		8C71A4170F7E018400E3CC05 /* CompletionControllerAdditions.m */ = {isa = PBXFileReference; fileEncoding = 4; lastKnownFileType = sourcecode.c.objc; path = CompletionControllerAdditions.m; sourceTree = "<group>"; };
		8C74C92411A20CA70062AD6E /* DefaultsDomain.h */ = {isa = PBXFileReference; fileEncoding = 4; lastKnownFileType = sourcecode.c.h; path = DefaultsDomain.h; sourceTree = "<group>"; };
		8C74C92511A20CA70062AD6E /* DefaultsDomain.m */ = {isa = PBXFileReference; fileEncoding = 4; lastKnownFileType = sourcecode.c.objc; path = DefaultsDomain.m; sourceTree = "<group>"; };
		8C75EA621569AD0A00D68373 /* DBBackgroundView.framework */ = {isa = PBXFileReference; lastKnownFileType = wrapper.framework; path = DBBackgroundView.framework; sourceTree = "<group>"; };
		8C75EA921569E0A500D68373 /* drop.pdf */ = {isa = PBXFileReference; lastKnownFileType = image.pdf; path = drop.pdf; sourceTree = "<group>"; };
		8C75EAC41569ED3000D68373 /* DropOverlayView.h */ = {isa = PBXFileReference; fileEncoding = 4; lastKnownFileType = sourcecode.c.h; path = DropOverlayView.h; sourceTree = "<group>"; };
		8C75EAC51569ED3000D68373 /* DropOverlayView.m */ = {isa = PBXFileReference; fileEncoding = 4; lastKnownFileType = sourcecode.c.objc; path = DropOverlayView.m; sourceTree = "<group>"; };
		8C87FBDA10427B2400DB015A /* Safari.4.0.3.h */ = {isa = PBXFileReference; fileEncoding = 4; lastKnownFileType = sourcecode.c.h; name = Safari.4.0.3.h; path = ../Disassembly/Safari.4.0.3.h; sourceTree = SOURCE_ROOT; };
		8C894673104358860051A988 /* CompletionAdapter.h */ = {isa = PBXFileReference; fileEncoding = 4; lastKnownFileType = sourcecode.c.h; path = CompletionAdapter.h; sourceTree = "<group>"; };
		8C8A922210FE7FFA00DC0D4C /* BookmarksControllerAdditions.h */ = {isa = PBXFileReference; fileEncoding = 4; lastKnownFileType = sourcecode.c.h; path = BookmarksControllerAdditions.h; sourceTree = "<group>"; };
		8C8A922310FE7FFA00DC0D4C /* BookmarksControllerAdditions.m */ = {isa = PBXFileReference; fileEncoding = 4; lastKnownFileType = sourcecode.c.objc; path = BookmarksControllerAdditions.m; sourceTree = "<group>"; };
		8C8A922610FE801900DC0D4C /* BookmarksControllerObjC.h */ = {isa = PBXFileReference; fileEncoding = 4; lastKnownFileType = sourcecode.c.h; path = BookmarksControllerObjC.h; sourceTree = "<group>"; };
		8C8DB28A1215ECF0008D41B8 /* AdditionalCompletionTableDataSource.h */ = {isa = PBXFileReference; fileEncoding = 4; lastKnownFileType = sourcecode.c.h; path = AdditionalCompletionTableDataSource.h; sourceTree = "<group>"; };
		8C8DB28B1215ECF0008D41B8 /* AdditionalCompletionTableDataSource.m */ = {isa = PBXFileReference; fileEncoding = 4; lastKnownFileType = sourcecode.c.objc; path = AdditionalCompletionTableDataSource.m; sourceTree = "<group>"; };
		8C8DB2D51215F321008D41B8 /* CompletionWindow.h */ = {isa = PBXFileReference; fileEncoding = 4; lastKnownFileType = sourcecode.c.h; path = CompletionWindow.h; sourceTree = "<group>"; };
		8C8DB2E11215F402008D41B8 /* English */ = {isa = PBXFileReference; lastKnownFileType = file.xib; name = English; path = English.lproj/CompletionTable.xib; sourceTree = "<group>"; };
		8C8DB3011215F562008D41B8 /* CompletionListTableView.h */ = {isa = PBXFileReference; fileEncoding = 4; lastKnownFileType = sourcecode.c.h; path = CompletionListTableView.h; sourceTree = "<group>"; };
		8C8DB3BB121603C9008D41B8 /* TextCell.h */ = {isa = PBXFileReference; fileEncoding = 4; lastKnownFileType = sourcecode.c.h; path = TextCell.h; sourceTree = "<group>"; };
		8C9239F81113AD17001A38BE /* dsa_pub.pem */ = {isa = PBXFileReference; fileEncoding = 4; lastKnownFileType = text; name = dsa_pub.pem; path = "../Sparkle 1/dsa_pub.pem"; sourceTree = SOURCE_ROOT; };
		8C986F520F80526400383384 /* keystone.icns */ = {isa = PBXFileReference; lastKnownFileType = image.icns; path = keystone.icns; sourceTree = "<group>"; };
		8C9E9CD4110C036E00BD7153 /* NSWindow+EndEditingGracefully.h */ = {isa = PBXFileReference; fileEncoding = 4; lastKnownFileType = sourcecode.c.h; path = "NSWindow+EndEditingGracefully.h"; sourceTree = "<group>"; };
		8C9E9CD5110C036E00BD7153 /* NSWindow+EndEditingGracefully.m */ = {isa = PBXFileReference; fileEncoding = 4; lastKnownFileType = sourcecode.c.objc; path = "NSWindow+EndEditingGracefully.m"; sourceTree = "<group>"; };
		8CAED65B13BD638C000275D7 /* JRSwizzle.h */ = {isa = PBXFileReference; fileEncoding = 4; lastKnownFileType = sourcecode.c.h; path = JRSwizzle.h; sourceTree = "<group>"; };
		8CAED65C13BD638C000275D7 /* JRSwizzle.m */ = {isa = PBXFileReference; fileEncoding = 4; lastKnownFileType = sourcecode.c.objc; path = JRSwizzle.m; sourceTree = "<group>"; };
		8CAED67213BD638C000275D7 /* SwizzleMacros.h */ = {isa = PBXFileReference; fileEncoding = 4; lastKnownFileType = sourcecode.c.h; path = SwizzleMacros.h; sourceTree = "<group>"; };
		8CB6143F0F8046B800A84155 /* English */ = {isa = PBXFileReference; fileEncoding = 4; lastKnownFileType = text.plist.strings; name = English; path = English.lproj/Localizable.strings; sourceTree = "<group>"; };
		8CBE2D4A13BC460800C493E6 /* BrowserWindowController+JavaScript.h */ = {isa = PBXFileReference; fileEncoding = 4; lastKnownFileType = sourcecode.c.h; path = "BrowserWindowController+JavaScript.h"; sourceTree = "<group>"; };
		8CBE2D4B13BC460800C493E6 /* BrowserWindowController+JavaScript.m */ = {isa = PBXFileReference; fileEncoding = 4; lastKnownFileType = sourcecode.c.objc; path = "BrowserWindowController+JavaScript.m"; sourceTree = "<group>"; };
		8CC1FE37120493260022CA05 /* BrowserWindowControllerAdditions.h */ = {isa = PBXFileReference; fileEncoding = 4; lastKnownFileType = sourcecode.c.h; path = BrowserWindowControllerAdditions.h; sourceTree = "<group>"; };
		8CC1FE38120493260022CA05 /* BrowserWindowControllerAdditions.m */ = {isa = PBXFileReference; fileEncoding = 4; lastKnownFileType = sourcecode.c.objc; path = BrowserWindowControllerAdditions.m; sourceTree = "<group>"; };
		8CC1FEB0120498B00022CA05 /* LocationTextField.h */ = {isa = PBXFileReference; fileEncoding = 4; lastKnownFileType = sourcecode.c.h; path = LocationTextField.h; sourceTree = "<group>"; };
		8CC3380C1235C0480053E52F /* CompletionServer.h */ = {isa = PBXFileReference; fileEncoding = 4; lastKnownFileType = sourcecode.c.h; path = CompletionServer.h; sourceTree = "<group>"; };
		8CC3380D1235C0480053E52F /* CompletionServer.m */ = {isa = PBXFileReference; fileEncoding = 4; lastKnownFileType = sourcecode.c.objc; path = CompletionServer.m; sourceTree = "<group>"; };
		8CD0A6A511C447B90053FB8C /* Safari.5.h */ = {isa = PBXFileReference; fileEncoding = 4; lastKnownFileType = sourcecode.c.h; name = Safari.5.h; path = ../Disassembly/Safari.5.h; sourceTree = SOURCE_ROOT; };
		8CD11C860FBFAA250063607C /* WebKit.framework */ = {isa = PBXFileReference; lastKnownFileType = wrapper.framework; name = WebKit.framework; path = System/Library/Frameworks/WebKit.framework; sourceTree = SDKROOT; };
		8CD29B430F7EF0AB00D146C3 /* English */ = {isa = PBXFileReference; fileEncoding = 4; lastKnownFileType = text.plist.xml; name = English; path = English.lproj/defaults.plist; sourceTree = "<group>"; };
		8CD29BCE0F7EFCCB00D146C3 /* CompletionHandler.h */ = {isa = PBXFileReference; fileEncoding = 4; lastKnownFileType = sourcecode.c.h; path = CompletionHandler.h; sourceTree = "<group>"; };
		8CD29C160F7EFE8F00D146C3 /* English */ = {isa = PBXFileReference; lastKnownFileType = file.xib; name = English; path = English.lproj/KeystonePreferences.xib; sourceTree = "<group>"; };
		8CD29C1F0F7EFF8000D146C3 /* NSPreferences.h */ = {isa = PBXFileReference; fileEncoding = 4; lastKnownFileType = sourcecode.c.h; path = NSPreferences.h; sourceTree = "<group>"; };
		8CDE7C6B0F7E0523004CFE14 /* Safari.4.h */ = {isa = PBXFileReference; fileEncoding = 4; lastKnownFileType = sourcecode.c.h; name = Safari.4.h; path = ../Disassembly/Safari.4.h; sourceTree = SOURCE_ROOT; };
		8CDE7C6D0F7E054F004CFE14 /* CompletionControllers.h */ = {isa = PBXFileReference; fileEncoding = 4; lastKnownFileType = sourcecode.c.h; path = CompletionControllers.h; sourceTree = "<group>"; };
		8CF220A710E01338009074CD /* English */ = {isa = PBXFileReference; lastKnownFileType = file.xib; name = English; path = English.lproj/AddCompletion.xib; sourceTree = "<group>"; };
		8CF220C010E02A97009074CD /* AddCompletionController.h */ = {isa = PBXFileReference; fileEncoding = 4; lastKnownFileType = sourcecode.c.h; path = AddCompletionController.h; sourceTree = "<group>"; };
		8CF220C110E02A97009074CD /* AddCompletionController.m */ = {isa = PBXFileReference; fileEncoding = 4; lastKnownFileType = sourcecode.c.objc; path = AddCompletionController.m; sourceTree = "<group>"; };
		8CFF7F9C111407B1003B5DB5 /* UpdateController.h */ = {isa = PBXFileReference; fileEncoding = 4; lastKnownFileType = sourcecode.c.h; path = UpdateController.h; sourceTree = "<group>"; };
		8CFF7F9D111407B1003B5DB5 /* UpdateController.m */ = {isa = PBXFileReference; fileEncoding = 4; lastKnownFileType = sourcecode.c.objc; path = UpdateController.m; sourceTree = "<group>"; };
		8D5B49B6048680CD000E48DA /* Keystone.bundle */ = {isa = PBXFileReference; explicitFileType = wrapper.cfbundle; includeInIndex = 0; path = Keystone.bundle; sourceTree = BUILT_PRODUCTS_DIR; };
		8D5B49B7048680CD000E48DA /* Info.plist */ = {isa = PBXFileReference; fileEncoding = 4; lastKnownFileType = text.plist.xml; path = Info.plist; sourceTree = "<group>"; };
		D2F7E65807B2D6F200F64583 /* CoreData.framework */ = {isa = PBXFileReference; lastKnownFileType = wrapper.framework; name = CoreData.framework; path = /System/Library/Frameworks/CoreData.framework; sourceTree = "<absolute>"; };
/* End PBXFileReference section */

/* Begin PBXFrameworksBuildPhase section */
		8C3A33A70F7EE21900C37703 /* Frameworks */ = {
			isa = PBXFrameworksBuildPhase;
			buildActionMask = 2147483647;
			files = (
				8C27FDE7104A14D200A96844 /* Cocoa.framework in Frameworks */,
			);
			runOnlyForDeploymentPostprocessing = 0;
		};
		8D5B49B3048680CD000E48DA /* Frameworks */ = {
			isa = PBXFrameworksBuildPhase;
			buildActionMask = 2147483647;
			files = (
				8C27FDE2104A14BF00A96844 /* Cocoa.framework in Frameworks */,
				8C75EA631569AD0A00D68373 /* DBBackgroundView.framework in Frameworks */,
			);
			runOnlyForDeploymentPostprocessing = 0;
		};
/* End PBXFrameworksBuildPhase section */

/* Begin PBXGroup section */
		089C166AFE841209C02AAC07 /* Keystone */ = {
			isa = PBXGroup;
			children = (
				8C0D06911235FB0B001BB0E7 /* README.md */,
				08FB77AFFE84173DC02AAC07 /* Keystone Core */,
				8C6F06370F981B6000216A72 /* Keystone Queries */,
				32C88E010371C26100C91783 /* Other Sources */,
				089C167CFE841241C02AAC07 /* Resources */,
				8C3A33BB0F7EE25200C37703 /* Tests */,
				089C1671FE841209C02AAC07 /* Frameworks and Libraries */,
				19C28FB8FE9D52D311CA2CBB /* Products */,
			);
			name = Keystone;
			sourceTree = "<group>";
		};
		089C1671FE841209C02AAC07 /* Frameworks and Libraries */ = {
			isa = PBXGroup;
			children = (
				8C2ABE8C1112BFAE00EF077B /* Embedded Frameworks */,
				1058C7ACFEA557BF11CA2CBB /* Linked Frameworks */,
				1058C7AEFEA557BF11CA2CBB /* Other Frameworks */,
			);
			name = "Frameworks and Libraries";
			sourceTree = "<group>";
		};
		089C167CFE841241C02AAC07 /* Resources */ = {
			isa = PBXGroup;
			children = (
				8D5B49B7048680CD000E48DA /* Info.plist */,
				089C167DFE841241C02AAC07 /* InfoPlist.strings */,
				8CB614410F8046BC00A84155 /* Localizable.strings */,
				8CD29B470F7EF1C400D146C3 /* defaults.plist */,
				8CD29DEF0F7F28A000D146C3 /* KeystonePreferences.xib */,
				8CF220A610E01338009074CD /* AddCompletion.xib */,
				8C8DB2E01215F402008D41B8 /* CompletionTable.xib */,
				8C9239F81113AD17001A38BE /* dsa_pub.pem */,
				8C75EA921569E0A500D68373 /* drop.pdf */,
				8C986F520F80526400383384 /* keystone.icns */,
			);
			name = Resources;
			sourceTree = "<group>";
		};
		08FB77AFFE84173DC02AAC07 /* Keystone Core */ = {
			isa = PBXGroup;
			children = (
				8CC3380C1235C0480053E52F /* CompletionServer.h */,
				8CC3380D1235C0480053E52F /* CompletionServer.m */,
				8C71A4160F7E018400E3CC05 /* CompletionControllerAdditions.h */,
				8C71A4170F7E018400E3CC05 /* CompletionControllerAdditions.m */,
				8CC1FE37120493260022CA05 /* BrowserWindowControllerAdditions.h */,
				8CC1FE38120493260022CA05 /* BrowserWindowControllerAdditions.m */,
				8C8DB28A1215ECF0008D41B8 /* AdditionalCompletionTableDataSource.h */,
				8C8DB28B1215ECF0008D41B8 /* AdditionalCompletionTableDataSource.m */,
				8C3A30900F7EA8BB00C37703 /* FakeCompletionItem.h */,
				8C3A30910F7EA8BB00C37703 /* FakeCompletionItem.m */,
				8C3A320B0F7EC33500C37703 /* SortedArray.h */,
				8C3A320C0F7EC33500C37703 /* SortedArray.m */,
				8CD29BCE0F7EFCCB00D146C3 /* CompletionHandler.h */,
				8CDE7C6D0F7E054F004CFE14 /* CompletionControllers.h */,
				8C894673104358860051A988 /* CompletionAdapter.h */,
				8C8DB3011215F562008D41B8 /* CompletionListTableView.h */,
				8C8DB2D51215F321008D41B8 /* CompletionWindow.h */,
				8CC1FEB0120498B00022CA05 /* LocationTextField.h */,
				8C8DB3BB121603C9008D41B8 /* TextCell.h */,
				8CD29C1F0F7EFF8000D146C3 /* NSPreferences.h */,
			);
			name = "Keystone Core";
			sourceTree = "<group>";
		};
		1058C7ACFEA557BF11CA2CBB /* Linked Frameworks */ = {
			isa = PBXGroup;
			children = (
				8C27FDE1104A14BF00A96844 /* Cocoa.framework */,
			);
			name = "Linked Frameworks";
			sourceTree = "<group>";
		};
		1058C7AEFEA557BF11CA2CBB /* Other Frameworks */ = {
			isa = PBXGroup;
			children = (
				8CD11C860FBFAA250063607C /* WebKit.framework */,
				089C167FFE841241C02AAC07 /* AppKit.framework */,
				D2F7E65807B2D6F200F64583 /* CoreData.framework */,
				089C1672FE841209C02AAC07 /* Foundation.framework */,
			);
			name = "Other Frameworks";
			sourceTree = "<group>";
		};
		19C28FB8FE9D52D311CA2CBB /* Products */ = {
			isa = PBXGroup;
			children = (
				8D5B49B6048680CD000E48DA /* Keystone.bundle */,
				8C3A33AA0F7EE21900C37703 /* KeystoneTests.octest */,
			);
			name = Products;
			sourceTree = "<group>";
		};
		32C88E010371C26100C91783 /* Other Sources */ = {
			isa = PBXGroup;
			children = (
				8CAED62413BD638C000275D7 /* JRSwizzle */,
				8CDE7C6B0F7E0523004CFE14 /* Safari.4.h */,
				8C87FBDA10427B2400DB015A /* Safari.4.0.3.h */,
				8CD0A6A511C447B90053FB8C /* Safari.5.h */,
				32DBCF630370AF2F00C91783 /* Keystone_Prefix.pch */,
			);
			name = "Other Sources";
			sourceTree = "<group>";
		};
		8C2ABE8C1112BFAE00EF077B /* Embedded Frameworks */ = {
			isa = PBXGroup;
			children = (
				8C75EA621569AD0A00D68373 /* DBBackgroundView.framework */,
				8C2ABE321112BF6300EF077B /* Sparkle.framework */,
			);
			name = "Embedded Frameworks";
			sourceTree = "<group>";
		};
		8C3A33BB0F7EE25200C37703 /* Tests */ = {
			isa = PBXGroup;
			children = (
				8C3A33BD0F7EE26C00C37703 /* SortedArrayTests.m */,
				8C3A33AB0F7EE21900C37703 /* KeystoneTests-Info.plist */,
			);
			name = Tests;
			sourceTree = "<group>";
		};
		8C6F06370F981B6000216A72 /* Keystone Queries */ = {
			isa = PBXGroup;
			children = (
				8C3A309E0F7EABE500C37703 /* QueryCompletionItem.h */,
				8C3A309F0F7EABE500C37703 /* QueryCompletionItem.m */,
				8C3A313F0F7EB20E00C37703 /* KeystoneController.h */,
				8C3A31400F7EB20E00C37703 /* KeystoneController.m */,
				8CBE2D4A13BC460800C493E6 /* BrowserWindowController+JavaScript.h */,
				8CBE2D4B13BC460800C493E6 /* BrowserWindowController+JavaScript.m */,
				8CFF7F9C111407B1003B5DB5 /* UpdateController.h */,
				8CFF7F9D111407B1003B5DB5 /* UpdateController.m */,
				8CF220C010E02A97009074CD /* AddCompletionController.h */,
				8CF220C110E02A97009074CD /* AddCompletionController.m */,
				8C32884010E0930300C2D25C /* SheetRequest.h */,
				8C6C8BBA10E0C8260058B36E /* SheetRequest.m */,
				8C75EAC41569ED3000D68373 /* DropOverlayView.h */,
				8C75EAC51569ED3000D68373 /* DropOverlayView.m */,
				8C583D60156AA3F400966F97 /* ActionView.h */,
				8C583D61156AA3F400966F97 /* ActionView.m */,
				8C9E9CD4110C036E00BD7153 /* NSWindow+EndEditingGracefully.h */,
				8C9E9CD5110C036E00BD7153 /* NSWindow+EndEditingGracefully.m */,
				8C74C92411A20CA70062AD6E /* DefaultsDomain.h */,
				8C74C92511A20CA70062AD6E /* DefaultsDomain.m */,
				8C6C8B4310E0B82E0058B36E /* BookmarkSources.h */,
				8C8A922210FE7FFA00DC0D4C /* BookmarksControllerAdditions.h */,
				8C8A922310FE7FFA00DC0D4C /* BookmarksControllerAdditions.m */,
				8C8A922610FE801900DC0D4C /* BookmarksControllerObjC.h */,
			);
			name = "Keystone Queries";
			sourceTree = "<group>";
		};
		8CAED62413BD638C000275D7 /* JRSwizzle */ = {
			isa = PBXGroup;
			children = (
				8CAED65B13BD638C000275D7 /* JRSwizzle.h */,
				8CAED65C13BD638C000275D7 /* JRSwizzle.m */,
				8CAED67213BD638C000275D7 /* SwizzleMacros.h */,
			);
			path = JRSwizzle;
			sourceTree = "<group>";
		};
/* End PBXGroup section */

/* Begin PBXNativeTarget section */
		8C3A33A90F7EE21900C37703 /* KeystoneTests */ = {
			isa = PBXNativeTarget;
			buildConfigurationList = 8C3A33AE0F7EE21A00C37703 /* Build configuration list for PBXNativeTarget "KeystoneTests" */;
			buildPhases = (
				8C3A33A50F7EE21900C37703 /* Resources */,
				8C3A33A60F7EE21900C37703 /* Sources */,
				8C3A33A70F7EE21900C37703 /* Frameworks */,
				8C3A33A80F7EE21900C37703 /* ShellScript */,
			);
			buildRules = (
			);
			dependencies = (
			);
			name = KeystoneTests;
			productName = KeystoneTests;
			productReference = 8C3A33AA0F7EE21900C37703 /* KeystoneTests.octest */;
			productType = "com.apple.product-type.bundle";
		};
		8D5B49AC048680CD000E48DA /* Keystone */ = {
			isa = PBXNativeTarget;
			buildConfigurationList = 1DEB913A08733D840010E9CD /* Build configuration list for PBXNativeTarget "Keystone" */;
			buildPhases = (
				8D5B49AF048680CD000E48DA /* Resources */,
				8D5B49B1048680CD000E48DA /* Sources */,
				8D5B49B3048680CD000E48DA /* Frameworks */,
				8C2ABE8D1112BFAF00EF077B /* Copy Frameworks */,
				8C89452410434C320051A988 /* Update Symlink */,
			);
			buildRules = (
			);
			dependencies = (
			);
			name = Keystone;
			productInstallPath = "$(HOME)/Library/Bundles";
			productName = Keystone;
			productReference = 8D5B49B6048680CD000E48DA /* Keystone.bundle */;
			productType = "com.apple.product-type.bundle";
		};
/* End PBXNativeTarget section */

/* Begin PBXProject section */
		089C1669FE841209C02AAC07 /* Project object */ = {
			isa = PBXProject;
			buildConfigurationList = 1DEB913E08733D840010E9CD /* Build configuration list for PBXProject "Keystone" */;
			compatibilityVersion = "Xcode 3.1";
			developmentRegion = English;
			hasScannedForEncodings = 1;
			knownRegions = (
				English,
				Japanese,
				French,
				German,
			);
			mainGroup = 089C166AFE841209C02AAC07 /* Keystone */;
			projectDirPath = "";
			projectRoot = "";
			targets = (
				8D5B49AC048680CD000E48DA /* Keystone */,
				8C3A33A90F7EE21900C37703 /* KeystoneTests */,
			);
		};
/* End PBXProject section */

/* Begin PBXResourcesBuildPhase section */
		8C3A33A50F7EE21900C37703 /* Resources */ = {
			isa = PBXResourcesBuildPhase;
			buildActionMask = 2147483647;
			files = (
			);
			runOnlyForDeploymentPostprocessing = 0;
		};
		8D5B49AF048680CD000E48DA /* Resources */ = {
			isa = PBXResourcesBuildPhase;
			buildActionMask = 2147483647;
			files = (
				8D5B49B0048680CD000E48DA /* InfoPlist.strings in Resources */,
				8CD29B480F7EF1C400D146C3 /* defaults.plist in Resources */,
				8CD29DF00F7F28A000D146C3 /* KeystonePreferences.xib in Resources */,
				8CB614420F8046BC00A84155 /* Localizable.strings in Resources */,
				8C986F530F80526400383384 /* keystone.icns in Resources */,
				8CF220A810E01338009074CD /* AddCompletion.xib in Resources */,
				8C9239F91113AD17001A38BE /* dsa_pub.pem in Resources */,
				8C8DB2E21215F402008D41B8 /* CompletionTable.xib in Resources */,
				8C75EA931569E0A500D68373 /* drop.pdf in Resources */,
			);
			runOnlyForDeploymentPostprocessing = 0;
		};
/* End PBXResourcesBuildPhase section */

/* Begin PBXShellScriptBuildPhase section */
		8C3A33A80F7EE21900C37703 /* ShellScript */ = {
			isa = PBXShellScriptBuildPhase;
			buildActionMask = 2147483647;
			files = (
			);
			inputPaths = (
			);
			outputPaths = (
			);
			runOnlyForDeploymentPostprocessing = 0;
			shellPath = /bin/sh;
			shellScript = "# Run the unit tests in this test bundle.\n\"${SYSTEM_DEVELOPER_DIR}/Tools/RunUnitTests\"\n";
		};
		8C89452410434C320051A988 /* Update Symlink */ = {
			isa = PBXShellScriptBuildPhase;
			buildActionMask = 2147483647;
			files = (
			);
			inputPaths = (
				"$(BUILT_PRODUCTS_DIR)/$(WRAPPER_NAME)",
			);
			name = "Update Symlink";
			outputPaths = (
				"~/Library/Application Support/SIMBL/Plugins/$(WRAPPER_NAME)",
			);
			runOnlyForDeploymentPostprocessing = 0;
			shellPath = /bin/zsh;
			shellScript = "if [[ -L \"$SCRIPT_OUTPUT_FILE_0\" ]]; then\n\tif [[ $(readlink \"$SCRIPT_OUTPUT_FILE_0\") == \"$SCRIPT_INPUT_FILE_0\" ]]; then\n\t\texit 0\n\tfi\n\trm \"$SCRIPT_OUTPUT_FILE_0\" 2>/dev/null\nfi\n\nif [[ ! -e \"$SCRIPT_OUTPUT_FILE_0\" ]]; then\n\techo ln -s \"$SCRIPT_INPUT_FILE_0\" \"$SCRIPT_OUTPUT_FILE_0\"\n\tln -s \"$SCRIPT_INPUT_FILE_0\" \"$SCRIPT_OUTPUT_FILE_0\"\nelse\n\techo warning: \"$SCRIPT_OUTPUT_FILE_0\" \"exists;\" an older version of $PRODUCT_NAME may be in the way\nfi";
			showEnvVarsInLog = 0;
		};
/* End PBXShellScriptBuildPhase section */

/* Begin PBXSourcesBuildPhase section */
		8C3A33A60F7EE21900C37703 /* Sources */ = {
			isa = PBXSourcesBuildPhase;
			buildActionMask = 2147483647;
			files = (
				8C3A33BA0F7EE24F00C37703 /* SortedArray.m in Sources */,
				8C3A33BE0F7EE26C00C37703 /* SortedArrayTests.m in Sources */,
			);
			runOnlyForDeploymentPostprocessing = 0;
		};
		8D5B49B1048680CD000E48DA /* Sources */ = {
			isa = PBXSourcesBuildPhase;
			buildActionMask = 2147483647;
			files = (
				8C71A4180F7E018400E3CC05 /* CompletionControllerAdditions.m in Sources */,
				8C3A30920F7EA8BB00C37703 /* FakeCompletionItem.m in Sources */,
				8C3A30A00F7EABE500C37703 /* QueryCompletionItem.m in Sources */,
				8C3A31410F7EB20E00C37703 /* KeystoneController.m in Sources */,
				8C3A320D0F7EC33500C37703 /* SortedArray.m in Sources */,
				8CF220C210E02A97009074CD /* AddCompletionController.m in Sources */,
				8C6C8BBB10E0C8260058B36E /* SheetRequest.m in Sources */,
				8C8A922410FE7FFA00DC0D4C /* BookmarksControllerAdditions.m in Sources */,
				8C9E9CD6110C036E00BD7153 /* NSWindow+EndEditingGracefully.m in Sources */,
				8CFF7FB311140B0F003B5DB5 /* UpdateController.m in Sources */,
				8C74C92611A20CA70062AD6E /* DefaultsDomain.m in Sources */,
				8CC1FE39120493260022CA05 /* BrowserWindowControllerAdditions.m in Sources */,
				8C8DB28C1215ECF0008D41B8 /* AdditionalCompletionTableDataSource.m in Sources */,
				8CC3380E1235C0480053E52F /* CompletionServer.m in Sources */,
				8CBE2D4C13BC460800C493E6 /* BrowserWindowController+JavaScript.m in Sources */,
				8CAED69213BD638C000275D7 /* JRSwizzle.m in Sources */,
				8C75EAC61569ED3000D68373 /* DropOverlayView.m in Sources */,
				8C583D62156AA3F400966F97 /* ActionView.m in Sources */,
			);
			runOnlyForDeploymentPostprocessing = 0;
		};
/* End PBXSourcesBuildPhase section */

/* Begin PBXVariantGroup section */
		089C167DFE841241C02AAC07 /* InfoPlist.strings */ = {
			isa = PBXVariantGroup;
			children = (
				089C167EFE841241C02AAC07 /* English */,
			);
			name = InfoPlist.strings;
			sourceTree = "<group>";
		};
		8C8DB2E01215F402008D41B8 /* CompletionTable.xib */ = {
			isa = PBXVariantGroup;
			children = (
				8C8DB2E11215F402008D41B8 /* English */,
			);
			name = CompletionTable.xib;
			sourceTree = "<group>";
		};
		8CB614410F8046BC00A84155 /* Localizable.strings */ = {
			isa = PBXVariantGroup;
			children = (
				8CB6143F0F8046B800A84155 /* English */,
			);
			name = Localizable.strings;
			sourceTree = "<group>";
		};
		8CD29B470F7EF1C400D146C3 /* defaults.plist */ = {
			isa = PBXVariantGroup;
			children = (
				8CD29B430F7EF0AB00D146C3 /* English */,
			);
			name = defaults.plist;
			sourceTree = "<group>";
		};
		8CD29DEF0F7F28A000D146C3 /* KeystonePreferences.xib */ = {
			isa = PBXVariantGroup;
			children = (
				8CD29C160F7EFE8F00D146C3 /* English */,
			);
			name = KeystonePreferences.xib;
			sourceTree = "<group>";
		};
		8CF220A610E01338009074CD /* AddCompletion.xib */ = {
			isa = PBXVariantGroup;
			children = (
				8CF220A710E01338009074CD /* English */,
			);
			name = AddCompletion.xib;
			sourceTree = "<group>";
		};
/* End PBXVariantGroup section */

/* Begin XCBuildConfiguration section */
		1DEB913B08733D840010E9CD /* Debug */ = {
			isa = XCBuildConfiguration;
			buildSettings = {
				ALWAYS_SEARCH_USER_PATHS = NO;
				COPY_PHASE_STRIP = NO;
				FRAMEWORK_SEARCH_PATHS = (
					"$(inherited)",
					"\"$(SRCROOT)/../Sparkle 1/With Garbage Collection\"",
					"\"$(SRCROOT)/../DBBackgroundView/build/Release\"",
				);
				GCC_DYNAMIC_NO_PIC = NO;
				GCC_ENABLE_FIX_AND_CONTINUE = YES;
				GCC_ENABLE_OBJC_GC = supported;
				GCC_MODEL_TUNING = G5;
				GCC_OPTIMIZATION_LEVEL = 0;
				GCC_PRECOMPILE_PREFIX_HEADER = YES;
				GCC_PREFIX_HEADER = Keystone_Prefix.pch;
				INCLUDED_SOURCE_FILE_NAMES = "$(SRCROOT)/../MAObjCRuntime/*.m";
				INFOPLIST_FILE = Info.plist;
				INSTALL_PATH = "$(HOME)/Library/Bundles";
				OTHER_LDFLAGS = (
					"-undefined",
					dynamic_lookup,
				);
				PRODUCT_NAME = Keystone;
				WRAPPER_EXTENSION = bundle;
			};
			name = Debug;
		};
		1DEB913C08733D840010E9CD /* Release */ = {
			isa = XCBuildConfiguration;
			buildSettings = {
				ALWAYS_SEARCH_USER_PATHS = NO;
				DEBUG_INFORMATION_FORMAT = "dwarf-with-dsym";
				FRAMEWORK_SEARCH_PATHS = (
					"$(inherited)",
					"\"$(SRCROOT)/../Sparkle 1/With Garbage Collection\"",
					"\"$(SRCROOT)/../DBBackgroundView/build/Release\"",
				);
				GCC_ENABLE_OBJC_GC = supported;
				GCC_MODEL_TUNING = G5;
				GCC_PRECOMPILE_PREFIX_HEADER = YES;
				GCC_PREFIX_HEADER = Keystone_Prefix.pch;
				INFOPLIST_FILE = Info.plist;
				INSTALL_PATH = "$(HOME)/Library/Application Support/SIMBL/Plugins";
				OTHER_LDFLAGS = (
					"-undefined",
					dynamic_lookup,
				);
				PRODUCT_NAME = Keystone;
				WRAPPER_EXTENSION = bundle;
			};
			name = Release;
		};
		1DEB913F08733D840010E9CD /* Debug */ = {
			isa = XCBuildConfiguration;
			buildSettings = {
				ARCHS = "$(ARCHS_STANDARD_32_64_BIT)";
				GCC_C_LANGUAGE_STANDARD = c99;
				GCC_OPTIMIZATION_LEVEL = 0;
				GCC_VERSION = 4.2;
				GCC_WARN_64_TO_32_BIT_CONVERSION = YES;
				GCC_WARN_ABOUT_RETURN_TYPE = YES;
				GCC_WARN_SIGN_COMPARE = YES;
				GCC_WARN_UNDECLARED_SELECTOR = YES;
				GCC_WARN_UNUSED_VALUE = NO;
				GCC_WARN_UNUSED_VARIABLE = YES;
				ONLY_ACTIVE_ARCH = YES;
				PREBINDING = NO;
				RUN_CLANG_STATIC_ANALYZER = YES;
				SDKROOT = macosx10.6;
			};
			name = Debug;
		};
		1DEB914008733D840010E9CD /* Release */ = {
			isa = XCBuildConfiguration;
			buildSettings = {
				ARCHS = "$(ARCHS_STANDARD_32_64_BIT)";
				GCC_C_LANGUAGE_STANDARD = c99;
				GCC_VERSION = 4.2;
				GCC_WARN_64_TO_32_BIT_CONVERSION = YES;
				GCC_WARN_ABOUT_RETURN_TYPE = YES;
				GCC_WARN_SIGN_COMPARE = YES;
				GCC_WARN_UNDECLARED_SELECTOR = YES;
				GCC_WARN_UNUSED_VALUE = NO;
				GCC_WARN_UNUSED_VARIABLE = YES;
				MACOSX_DEPLOYMENT_TARGET = 10.5;
				PREBINDING = NO;
				RUN_CLANG_STATIC_ANALYZER = YES;
				SDKROOT = macosx10.6;
				"SDKROOT[arch=ppc]" = macosx10.5;
			};
			name = Release;
		};
		8C3A33AC0F7EE21A00C37703 /* Debug */ = {
			isa = XCBuildConfiguration;
			buildSettings = {
				ALWAYS_SEARCH_USER_PATHS = NO;
				COPY_PHASE_STRIP = NO;
				FRAMEWORK_SEARCH_PATHS = "$(DEVELOPER_LIBRARY_DIR)/Frameworks";
				GCC_DYNAMIC_NO_PIC = NO;
				GCC_ENABLE_FIX_AND_CONTINUE = NO;
				GCC_ENABLE_OBJC_EXCEPTIONS = YES;
				GCC_MODEL_TUNING = G5;
				GCC_OPTIMIZATION_LEVEL = 0;
				GCC_PRECOMPILE_PREFIX_HEADER = YES;
				GCC_PREFIX_HEADER = "$(SYSTEM_LIBRARY_DIR)/Frameworks/Cocoa.framework/Headers/Cocoa.h";
				INFOPLIST_FILE = "KeystoneTests-Info.plist";
				INSTALL_PATH = "$(USER_LIBRARY_DIR)/Bundles";
				ONLY_ACTIVE_ARCH = YES;
				OTHER_LDFLAGS = (
					"-framework",
					Cocoa,
					"-framework",
					SenTestingKit,
				);
				PREBINDING = NO;
				PRODUCT_NAME = KeystoneTests;
				WRAPPER_EXTENSION = octest;
			};
			name = Debug;
		};
		8C3A33AD0F7EE21A00C37703 /* Release */ = {
			isa = XCBuildConfiguration;
			buildSettings = {
				ALWAYS_SEARCH_USER_PATHS = NO;
				COPY_PHASE_STRIP = YES;
				DEBUG_INFORMATION_FORMAT = "dwarf-with-dsym";
				FRAMEWORK_SEARCH_PATHS = "$(DEVELOPER_LIBRARY_DIR)/Frameworks";
				GCC_ENABLE_FIX_AND_CONTINUE = NO;
				GCC_ENABLE_OBJC_EXCEPTIONS = YES;
				GCC_MODEL_TUNING = G5;
				GCC_PRECOMPILE_PREFIX_HEADER = YES;
				GCC_PREFIX_HEADER = "$(SYSTEM_LIBRARY_DIR)/Frameworks/Cocoa.framework/Headers/Cocoa.h";
				INFOPLIST_FILE = "KeystoneTests-Info.plist";
				INSTALL_PATH = "$(USER_LIBRARY_DIR)/Bundles";
				ONLY_ACTIVE_ARCH = YES;
				OTHER_LDFLAGS = (
					"-framework",
					Cocoa,
					"-framework",
					SenTestingKit,
				);
				PREBINDING = NO;
				PRODUCT_NAME = KeystoneTests;
				WRAPPER_EXTENSION = octest;
				ZERO_LINK = NO;
			};
			name = Release;
		};
/* End XCBuildConfiguration section */

/* Begin XCConfigurationList section */
		1DEB913A08733D840010E9CD /* Build configuration list for PBXNativeTarget "Keystone" */ = {
			isa = XCConfigurationList;
			buildConfigurations = (
				1DEB913B08733D840010E9CD /* Debug */,
				1DEB913C08733D840010E9CD /* Release */,
			);
			defaultConfigurationIsVisible = 0;
			defaultConfigurationName = Release;
		};
		1DEB913E08733D840010E9CD /* Build configuration list for PBXProject "Keystone" */ = {
			isa = XCConfigurationList;
			buildConfigurations = (
				1DEB913F08733D840010E9CD /* Debug */,
				1DEB914008733D840010E9CD /* Release */,
			);
			defaultConfigurationIsVisible = 0;
			defaultConfigurationName = Release;
		};
		8C3A33AE0F7EE21A00C37703 /* Build configuration list for PBXNativeTarget "KeystoneTests" */ = {
			isa = XCConfigurationList;
			buildConfigurations = (
				8C3A33AC0F7EE21A00C37703 /* Debug */,
				8C3A33AD0F7EE21A00C37703 /* Release */,
			);
			defaultConfigurationIsVisible = 0;
			defaultConfigurationName = Release;
		};
/* End XCConfigurationList section */
	};
	rootObject = 089C1669FE841209C02AAC07 /* Project object */;
}
